// !$*UTF8*$!
{
	archiveVersion = 1;
	classes = {
	};
	objectVersion = 46;
	objects = {

/* Begin PBXBuildFile section */
		0C9BD95E1EB66BCEEF1D78CE /* Pods_Chat.framework in Frameworks */ = {isa = PBXBuildFile; fileRef = 8BA43A6D67A64877E417437E /* Pods_Chat.framework */; };
		5E23A2141DE24BAC0093243E /* Message.swift in Sources */ = {isa = PBXBuildFile; fileRef = 5E23A2131DE24BAC0093243E /* Message.swift */; };
		5E26A7F81E068A6400DF2F95 /* RenderCell.swift in Sources */ = {isa = PBXBuildFile; fileRef = 5E26A7F71E068A6400DF2F95 /* RenderCell.swift */; };
		5E3F96BF1DE717D000B64F0C /* UserCell.swift in Sources */ = {isa = PBXBuildFile; fileRef = 5E3F96BE1DE717D000B64F0C /* UserCell.swift */; };
		5E43B3DF1DD783AD00F26F17 /* Extensions.swift in Sources */ = {isa = PBXBuildFile; fileRef = 5E43B3DE1DD783AD00F26F17 /* Extensions.swift */; };
		5E5019C01E05B3E90044B9D4 /* Segment.swift in Sources */ = {isa = PBXBuildFile; fileRef = 5E5019BF1E05B3E90044B9D4 /* Segment.swift */; };
		5E545E481DE0763A00E9CFA5 /* ChatController.swift in Sources */ = {isa = PBXBuildFile; fileRef = 5E545E471DE0763A00E9CFA5 /* ChatController.swift */; };
		5E55C0E61DFC7F3A006ADA04 /* RenderController.swift in Sources */ = {isa = PBXBuildFile; fileRef = 5E55C0E51DFC7F3A006ADA04 /* RenderController.swift */; };
		5E6A09751DCBD0E3008019A5 /* PeopleController.swift in Sources */ = {isa = PBXBuildFile; fileRef = 5E6A09741DCBD0E3008019A5 /* PeopleController.swift */; };
		5E6A09771DCBD75E008019A5 /* User.swift in Sources */ = {isa = PBXBuildFile; fileRef = 5E6A09761DCBD75E008019A5 /* User.swift */; };
		5EA40C581DC3DFDC0034D03A /* AppDelegate.swift in Sources */ = {isa = PBXBuildFile; fileRef = 5EA40C571DC3DFDC0034D03A /* AppDelegate.swift */; };
		5EA40C5F1DC3DFDC0034D03A /* Assets.xcassets in Resources */ = {isa = PBXBuildFile; fileRef = 5EA40C5E1DC3DFDC0034D03A /* Assets.xcassets */; };
		5EA40C6A1DC3E08A0034D03A /* LoginController.swift in Sources */ = {isa = PBXBuildFile; fileRef = 5EA40C691DC3E08A0034D03A /* LoginController.swift */; };
		5EA40C6D1DC3E32F0034D03A /* DialogsController.swift in Sources */ = {isa = PBXBuildFile; fileRef = 5EA40C6C1DC3E32F0034D03A /* DialogsController.swift */; };
		5ED0B97A1DE76F47009F844C /* MyDate.swift in Sources */ = {isa = PBXBuildFile; fileRef = 5ED0B9791DE76F47009F844C /* MyDate.swift */; };
		5EE06CA71DE8CF5C009AFDE9 /* ChatMessageCell.swift in Sources */ = {isa = PBXBuildFile; fileRef = 5EE06CA61DE8CF5C009AFDE9 /* ChatMessageCell.swift */; };
		5EF9A0D11DC4E1780043CA1B /* GoogleService-Info.plist in Resources */ = {isa = PBXBuildFile; fileRef = 5EF9A0D01DC4E1780043CA1B /* GoogleService-Info.plist */; };
/* End PBXBuildFile section */

/* Begin PBXFileReference section */
		1CCC78C3AF378A19870C26B1 /* Pods-Chat.debug.xcconfig */ = {isa = PBXFileReference; includeInIndex = 1; lastKnownFileType = text.xcconfig; name = "Pods-Chat.debug.xcconfig"; path = "Pods/Target Support Files/Pods-Chat/Pods-Chat.debug.xcconfig"; sourceTree = "<group>"; };
		5DD12BBDADE017340AE00D1E /* Pods-Chat.release.xcconfig */ = {isa = PBXFileReference; includeInIndex = 1; lastKnownFileType = text.xcconfig; name = "Pods-Chat.release.xcconfig"; path = "Pods/Target Support Files/Pods-Chat/Pods-Chat.release.xcconfig"; sourceTree = "<group>"; };
		5E23A2131DE24BAC0093243E /* Message.swift */ = {isa = PBXFileReference; fileEncoding = 4; lastKnownFileType = sourcecode.swift; name = Message.swift; path = Modal/Message.swift; sourceTree = "<group>"; };
		5E26A7F71E068A6400DF2F95 /* RenderCell.swift */ = {isa = PBXFileReference; fileEncoding = 4; lastKnownFileType = sourcecode.swift; name = RenderCell.swift; path = View/RenderCell.swift; sourceTree = "<group>"; };
		5E3F96BE1DE717D000B64F0C /* UserCell.swift */ = {isa = PBXFileReference; fileEncoding = 4; lastKnownFileType = sourcecode.swift; name = UserCell.swift; path = View/UserCell.swift; sourceTree = "<group>"; };
		5E43B3DE1DD783AD00F26F17 /* Extensions.swift */ = {isa = PBXFileReference; fileEncoding = 4; lastKnownFileType = sourcecode.swift; name = Extensions.swift; path = Helpers/Extensions.swift; sourceTree = "<group>"; };
		5E5019BF1E05B3E90044B9D4 /* Segment.swift */ = {isa = PBXFileReference; fileEncoding = 4; lastKnownFileType = sourcecode.swift; name = Segment.swift; path = Modal/Segment.swift; sourceTree = "<group>"; };
		5E545E471DE0763A00E9CFA5 /* ChatController.swift */ = {isa = PBXFileReference; fileEncoding = 4; lastKnownFileType = sourcecode.swift; name = ChatController.swift; path = Controllers/ChatController.swift; sourceTree = "<group>"; };
		5E55C0E51DFC7F3A006ADA04 /* RenderController.swift */ = {isa = PBXFileReference; fileEncoding = 4; lastKnownFileType = sourcecode.swift; name = RenderController.swift; path = Controllers/RenderController.swift; sourceTree = "<group>"; };
		5E6A09741DCBD0E3008019A5 /* PeopleController.swift */ = {isa = PBXFileReference; fileEncoding = 4; lastKnownFileType = sourcecode.swift; name = PeopleController.swift; path = Controllers/PeopleController.swift; sourceTree = "<group>"; };
		5E6A09761DCBD75E008019A5 /* User.swift */ = {isa = PBXFileReference; fileEncoding = 4; lastKnownFileType = sourcecode.swift; name = User.swift; path = Modal/User.swift; sourceTree = "<group>"; };
		5E6A09791DCBDEC7008019A5 /* Chat.entitlements */ = {isa = PBXFileReference; lastKnownFileType = text.plist.entitlements; path = Chat.entitlements; sourceTree = "<group>"; };
		5EA40C541DC3DFDC0034D03A /* Chat.app */ = {isa = PBXFileReference; explicitFileType = wrapper.application; includeInIndex = 0; path = Chat.app; sourceTree = BUILT_PRODUCTS_DIR; };
		5EA40C571DC3DFDC0034D03A /* AppDelegate.swift */ = {isa = PBXFileReference; lastKnownFileType = sourcecode.swift; path = AppDelegate.swift; sourceTree = "<group>"; };
		5EA40C5E1DC3DFDC0034D03A /* Assets.xcassets */ = {isa = PBXFileReference; lastKnownFileType = folder.assetcatalog; path = Assets.xcassets; sourceTree = "<group>"; };
		5EA40C631DC3DFDC0034D03A /* Info.plist */ = {isa = PBXFileReference; lastKnownFileType = text.plist.xml; path = Info.plist; sourceTree = "<group>"; };
		5EA40C691DC3E08A0034D03A /* LoginController.swift */ = {isa = PBXFileReference; fileEncoding = 4; lastKnownFileType = sourcecode.swift; name = LoginController.swift; path = Controllers/LoginController.swift; sourceTree = "<group>"; };
		5EA40C6C1DC3E32F0034D03A /* DialogsController.swift */ = {isa = PBXFileReference; fileEncoding = 4; lastKnownFileType = sourcecode.swift; name = DialogsController.swift; path = Controllers/DialogsController.swift; sourceTree = "<group>"; };
		5ED0B9791DE76F47009F844C /* MyDate.swift */ = {isa = PBXFileReference; fileEncoding = 4; lastKnownFileType = sourcecode.swift; name = MyDate.swift; path = Helpers/MyDate.swift; sourceTree = "<group>"; };
		5EE06CA61DE8CF5C009AFDE9 /* ChatMessageCell.swift */ = {isa = PBXFileReference; fileEncoding = 4; lastKnownFileType = sourcecode.swift; name = ChatMessageCell.swift; path = View/ChatMessageCell.swift; sourceTree = "<group>"; };
		5EF9A0D01DC4E1780043CA1B /* GoogleService-Info.plist */ = {isa = PBXFileReference; fileEncoding = 4; lastKnownFileType = text.plist.xml; path = "GoogleService-Info.plist"; sourceTree = "<group>"; };
		8BA43A6D67A64877E417437E /* Pods_Chat.framework */ = {isa = PBXFileReference; explicitFileType = wrapper.framework; includeInIndex = 0; path = Pods_Chat.framework; sourceTree = BUILT_PRODUCTS_DIR; };
/* End PBXFileReference section */

/* Begin PBXFrameworksBuildPhase section */
		5EA40C511DC3DFDC0034D03A /* Frameworks */ = {
			isa = PBXFrameworksBuildPhase;
			buildActionMask = 2147483647;
			files = (
				0C9BD95E1EB66BCEEF1D78CE /* Pods_Chat.framework in Frameworks */,
			);
			runOnlyForDeploymentPostprocessing = 0;
		};
/* End PBXFrameworksBuildPhase section */

/* Begin PBXGroup section */
		5E3F96C01DE717D600B64F0C /* View */ = {
			isa = PBXGroup;
			children = (
				5E3F96BE1DE717D000B64F0C /* UserCell.swift */,
				5EE06CA61DE8CF5C009AFDE9 /* ChatMessageCell.swift */,
				5E26A7F71E068A6400DF2F95 /* RenderCell.swift */,
			);
			name = View;
			sourceTree = "<group>";
		};
		5E43B3E01DD783B100F26F17 /* Helpers */ = {
			isa = PBXGroup;
			children = (
				5E43B3DE1DD783AD00F26F17 /* Extensions.swift */,
				5ED0B9791DE76F47009F844C /* MyDate.swift */,
			);
			name = Helpers;
			sourceTree = "<group>";
		};
		5E6A09781DCBD764008019A5 /* Modal */ = {
			isa = PBXGroup;
			children = (
				5E6A09761DCBD75E008019A5 /* User.swift */,
				5E23A2131DE24BAC0093243E /* Message.swift */,
				5E5019BF1E05B3E90044B9D4 /* Segment.swift */,
			);
			name = Modal;
			sourceTree = "<group>";
		};
		5EA40C4B1DC3DFDC0034D03A = {
			isa = PBXGroup;
			children = (
				5EA40C561DC3DFDC0034D03A /* Chat */,
				5EA40C551DC3DFDC0034D03A /* Products */,
				63DE057EA1FCB75AFE8DF273 /* Pods */,
				A9C6E65E0D2848A407000FD8 /* Frameworks */,
			);
			sourceTree = "<group>";
		};
		5EA40C551DC3DFDC0034D03A /* Products */ = {
			isa = PBXGroup;
			children = (
				5EA40C541DC3DFDC0034D03A /* Chat.app */,
			);
			name = Products;
			sourceTree = "<group>";
		};
		5EA40C561DC3DFDC0034D03A /* Chat */ = {
			isa = PBXGroup;
			children = (
				5E6A09791DCBDEC7008019A5 /* Chat.entitlements */,
				5E3F96C01DE717D600B64F0C /* View */,
				5E6A09781DCBD764008019A5 /* Modal */,
				5E43B3E01DD783B100F26F17 /* Helpers */,
				5EA40C6B1DC3E08D0034D03A /* Controllers */,
				5EA40C571DC3DFDC0034D03A /* AppDelegate.swift */,
				5EA40C5E1DC3DFDC0034D03A /* Assets.xcassets */,
				5EA40C631DC3DFDC0034D03A /* Info.plist */,
				5EF9A0D01DC4E1780043CA1B /* GoogleService-Info.plist */,
			);
			path = Chat;
			sourceTree = "<group>";
		};
		5EA40C6B1DC3E08D0034D03A /* Controllers */ = {
			isa = PBXGroup;
			children = (
				5EA40C691DC3E08A0034D03A /* LoginController.swift */,
				5EA40C6C1DC3E32F0034D03A /* DialogsController.swift */,
				5E6A09741DCBD0E3008019A5 /* PeopleController.swift */,
				5E545E471DE0763A00E9CFA5 /* ChatController.swift */,
				5E55C0E51DFC7F3A006ADA04 /* RenderController.swift */,
			);
			name = Controllers;
			sourceTree = "<group>";
		};
		63DE057EA1FCB75AFE8DF273 /* Pods */ = {
			isa = PBXGroup;
			children = (
				1CCC78C3AF378A19870C26B1 /* Pods-Chat.debug.xcconfig */,
				5DD12BBDADE017340AE00D1E /* Pods-Chat.release.xcconfig */,
			);
			name = Pods;
			sourceTree = "<group>";
		};
		A9C6E65E0D2848A407000FD8 /* Frameworks */ = {
			isa = PBXGroup;
			children = (
				8BA43A6D67A64877E417437E /* Pods_Chat.framework */,
			);
			name = Frameworks;
			sourceTree = "<group>";
		};
/* End PBXGroup section */

/* Begin PBXNativeTarget section */
		5EA40C531DC3DFDC0034D03A /* Chat */ = {
			isa = PBXNativeTarget;
			buildConfigurationList = 5EA40C661DC3DFDC0034D03A /* Build configuration list for PBXNativeTarget "Chat" */;
			buildPhases = (
				49BAAC219CC5E7A9EF231130 /* [CP] Check Pods Manifest.lock */,
				5EA40C501DC3DFDC0034D03A /* Sources */,
				5EA40C511DC3DFDC0034D03A /* Frameworks */,
				5EA40C521DC3DFDC0034D03A /* Resources */,
				5731C84DC5C29544A661ED3B /* [CP] Embed Pods Frameworks */,
				C4B8DB72D968C23940D4D299 /* [CP] Copy Pods Resources */,
			);
			buildRules = (
			);
			dependencies = (
			);
			name = Chat;
			productName = Chat;
			productReference = 5EA40C541DC3DFDC0034D03A /* Chat.app */;
			productType = "com.apple.product-type.application";
		};
/* End PBXNativeTarget section */

/* Begin PBXProject section */
		5EA40C4C1DC3DFDC0034D03A /* Project object */ = {
			isa = PBXProject;
			attributes = {
				LastSwiftUpdateCheck = 0800;
				LastUpgradeCheck = 0800;
				ORGANIZATIONNAME = george;
				TargetAttributes = {
					5EA40C531DC3DFDC0034D03A = {
						CreatedOnToolsVersion = 8.0;
						DevelopmentTeam = 69C4K6EG3B;
						ProvisioningStyle = Automatic;
						SystemCapabilities = {
							com.apple.Keychain = {
								enabled = 1;
							};
						};
					};
				};
			};
			buildConfigurationList = 5EA40C4F1DC3DFDC0034D03A /* Build configuration list for PBXProject "Chat" */;
			compatibilityVersion = "Xcode 3.2";
			developmentRegion = English;
			hasScannedForEncodings = 0;
			knownRegions = (
				en,
				Base,
			);
			mainGroup = 5EA40C4B1DC3DFDC0034D03A;
			productRefGroup = 5EA40C551DC3DFDC0034D03A /* Products */;
			projectDirPath = "";
			projectRoot = "";
			targets = (
				5EA40C531DC3DFDC0034D03A /* Chat */,
			);
		};
/* End PBXProject section */

/* Begin PBXResourcesBuildPhase section */
		5EA40C521DC3DFDC0034D03A /* Resources */ = {
			isa = PBXResourcesBuildPhase;
			buildActionMask = 2147483647;
			files = (
				5EF9A0D11DC4E1780043CA1B /* GoogleService-Info.plist in Resources */,
				5EA40C5F1DC3DFDC0034D03A /* Assets.xcassets in Resources */,
			);
			runOnlyForDeploymentPostprocessing = 0;
		};
/* End PBXResourcesBuildPhase section */

/* Begin PBXShellScriptBuildPhase section */
		49BAAC219CC5E7A9EF231130 /* [CP] Check Pods Manifest.lock */ = {
			isa = PBXShellScriptBuildPhase;
			buildActionMask = 2147483647;
			files = (
			);
			inputPaths = (
			);
			name = "[CP] Check Pods Manifest.lock";
			outputPaths = (
			);
			runOnlyForDeploymentPostprocessing = 0;
			shellPath = /bin/sh;
			shellScript = "diff \"${PODS_ROOT}/../Podfile.lock\" \"${PODS_ROOT}/Manifest.lock\" > /dev/null\nif [[ $? != 0 ]] ; then\n    cat << EOM\nerror: The sandbox is not in sync with the Podfile.lock. Run 'pod install' or update your CocoaPods installation.\nEOM\n    exit 1\nfi\n";
			showEnvVarsInLog = 0;
		};
		5731C84DC5C29544A661ED3B /* [CP] Embed Pods Frameworks */ = {
			isa = PBXShellScriptBuildPhase;
			buildActionMask = 2147483647;
			files = (
			);
			inputPaths = (
			);
			name = "[CP] Embed Pods Frameworks";
			outputPaths = (
			);
			runOnlyForDeploymentPostprocessing = 0;
			shellPath = /bin/sh;
			shellScript = "\"${SRCROOT}/Pods/Target Support Files/Pods-Chat/Pods-Chat-frameworks.sh\"\n";
			showEnvVarsInLog = 0;
		};
		C4B8DB72D968C23940D4D299 /* [CP] Copy Pods Resources */ = {
			isa = PBXShellScriptBuildPhase;
			buildActionMask = 2147483647;
			files = (
			);
			inputPaths = (
			);
			name = "[CP] Copy Pods Resources";
			outputPaths = (
			);
			runOnlyForDeploymentPostprocessing = 0;
			shellPath = /bin/sh;
			shellScript = "\"${SRCROOT}/Pods/Target Support Files/Pods-Chat/Pods-Chat-resources.sh\"\n";
			showEnvVarsInLog = 0;
		};
/* End PBXShellScriptBuildPhase section */

/* Begin PBXSourcesBuildPhase section */
		5EA40C501DC3DFDC0034D03A /* Sources */ = {
			isa = PBXSourcesBuildPhase;
			buildActionMask = 2147483647;
			files = (
				5EA40C581DC3DFDC0034D03A /* AppDelegate.swift in Sources */,
				5E5019C01E05B3E90044B9D4 /* Segment.swift in Sources */,
				5E55C0E61DFC7F3A006ADA04 /* RenderController.swift in Sources */,
				5E43B3DF1DD783AD00F26F17 /* Extensions.swift in Sources */,
				5E545E481DE0763A00E9CFA5 /* ChatController.swift in Sources */,
				5E26A7F81E068A6400DF2F95 /* RenderCell.swift in Sources */,
				5ED0B97A1DE76F47009F844C /* MyDate.swift in Sources */,
				5EA40C6D1DC3E32F0034D03A /* DialogsController.swift in Sources */,
				5E6A09751DCBD0E3008019A5 /* PeopleController.swift in Sources */,
				5E3F96BF1DE717D000B64F0C /* UserCell.swift in Sources */,
				5EE06CA71DE8CF5C009AFDE9 /* ChatMessageCell.swift in Sources */,
				5E23A2141DE24BAC0093243E /* Message.swift in Sources */,
				5E6A09771DCBD75E008019A5 /* User.swift in Sources */,
				5EA40C6A1DC3E08A0034D03A /* LoginController.swift in Sources */,
			);
			runOnlyForDeploymentPostprocessing = 0;
		};
/* End PBXSourcesBuildPhase section */

/* Begin XCBuildConfiguration section */
		5EA40C641DC3DFDC0034D03A /* Debug */ = {
			isa = XCBuildConfiguration;
			buildSettings = {
				ALWAYS_SEARCH_USER_PATHS = NO;
				CLANG_ANALYZER_NONNULL = YES;
				CLANG_CXX_LANGUAGE_STANDARD = "gnu++0x";
				CLANG_CXX_LIBRARY = "libc++";
				CLANG_ENABLE_MODULES = YES;
				CLANG_ENABLE_OBJC_ARC = YES;
				CLANG_WARN_BOOL_CONVERSION = YES;
				CLANG_WARN_CONSTANT_CONVERSION = YES;
				CLANG_WARN_DIRECT_OBJC_ISA_USAGE = YES_ERROR;
				CLANG_WARN_DOCUMENTATION_COMMENTS = YES;
				CLANG_WARN_EMPTY_BODY = YES;
				CLANG_WARN_ENUM_CONVERSION = YES;
				CLANG_WARN_INFINITE_RECURSION = YES;
				CLANG_WARN_INT_CONVERSION = YES;
				CLANG_WARN_OBJC_ROOT_CLASS = YES_ERROR;
				CLANG_WARN_SUSPICIOUS_MOVES = YES;
				CLANG_WARN_UNREACHABLE_CODE = YES;
				CLANG_WARN__DUPLICATE_METHOD_MATCH = YES;
				"CODE_SIGN_IDENTITY[sdk=iphoneos*]" = "iPhone Developer";
				COPY_PHASE_STRIP = NO;
				DEBUG_INFORMATION_FORMAT = dwarf;
				ENABLE_STRICT_OBJC_MSGSEND = YES;
				ENABLE_TESTABILITY = YES;
				GCC_C_LANGUAGE_STANDARD = gnu99;
				GCC_DYNAMIC_NO_PIC = NO;
				GCC_NO_COMMON_BLOCKS = YES;
				GCC_OPTIMIZATION_LEVEL = 0;
				GCC_PREPROCESSOR_DEFINITIONS = (
					"DEBUG=1",
					"$(inherited)",
				);
				GCC_WARN_64_TO_32_BIT_CONVERSION = YES;
				GCC_WARN_ABOUT_RETURN_TYPE = YES_ERROR;
				GCC_WARN_UNDECLARED_SELECTOR = YES;
				GCC_WARN_UNINITIALIZED_AUTOS = YES_AGGRESSIVE;
				GCC_WARN_UNUSED_FUNCTION = YES;
				GCC_WARN_UNUSED_VARIABLE = YES;
				IPHONEOS_DEPLOYMENT_TARGET = 10.0;
				MTL_ENABLE_DEBUG_INFO = YES;
				ONLY_ACTIVE_ARCH = YES;
				SDKROOT = iphoneos;
				SWIFT_ACTIVE_COMPILATION_CONDITIONS = DEBUG;
				SWIFT_OPTIMIZATION_LEVEL = "-Onone";
			};
			name = Debug;
		};
		5EA40C651DC3DFDC0034D03A /* Release */ = {
			isa = XCBuildConfiguration;
			buildSettings = {
				ALWAYS_SEARCH_USER_PATHS = NO;
				CLANG_ANALYZER_NONNULL = YES;
				CLANG_CXX_LANGUAGE_STANDARD = "gnu++0x";
				CLANG_CXX_LIBRARY = "libc++";
				CLANG_ENABLE_MODULES = YES;
				CLANG_ENABLE_OBJC_ARC = YES;
				CLANG_WARN_BOOL_CONVERSION = YES;
				CLANG_WARN_CONSTANT_CONVERSION = YES;
				CLANG_WARN_DIRECT_OBJC_ISA_USAGE = YES_ERROR;
				CLANG_WARN_DOCUMENTATION_COMMENTS = YES;
				CLANG_WARN_EMPTY_BODY = YES;
				CLANG_WARN_ENUM_CONVERSION = YES;
				CLANG_WARN_INFINITE_RECURSION = YES;
				CLANG_WARN_INT_CONVERSION = YES;
				CLANG_WARN_OBJC_ROOT_CLASS = YES_ERROR;
				CLANG_WARN_SUSPICIOUS_MOVES = YES;
				CLANG_WARN_UNREACHABLE_CODE = YES;
				CLANG_WARN__DUPLICATE_METHOD_MATCH = YES;
				"CODE_SIGN_IDENTITY[sdk=iphoneos*]" = "iPhone Developer";
				COPY_PHASE_STRIP = NO;
				DEBUG_INFORMATION_FORMAT = "dwarf-with-dsym";
				ENABLE_NS_ASSERTIONS = NO;
				ENABLE_STRICT_OBJC_MSGSEND = YES;
				GCC_C_LANGUAGE_STANDARD = gnu99;
				GCC_NO_COMMON_BLOCKS = YES;
				GCC_WARN_64_TO_32_BIT_CONVERSION = YES;
				GCC_WARN_ABOUT_RETURN_TYPE = YES_ERROR;
				GCC_WARN_UNDECLARED_SELECTOR = YES;
				GCC_WARN_UNINITIALIZED_AUTOS = YES_AGGRESSIVE;
				GCC_WARN_UNUSED_FUNCTION = YES;
				GCC_WARN_UNUSED_VARIABLE = YES;
				IPHONEOS_DEPLOYMENT_TARGET = 10.0;
				MTL_ENABLE_DEBUG_INFO = NO;
				SDKROOT = iphoneos;
				SWIFT_OPTIMIZATION_LEVEL = "-Owholemodule";
				VALIDATE_PRODUCT = YES;
			};
			name = Release;
		};
		5EA40C671DC3DFDC0034D03A /* Debug */ = {
			isa = XCBuildConfiguration;
			baseConfigurationReference = 1CCC78C3AF378A19870C26B1 /* Pods-Chat.debug.xcconfig */;
			buildSettings = {
				ASSETCATALOG_COMPILER_APPICON_NAME = AppIcon;
				CODE_SIGN_ENTITLEMENTS = Chat/Chat.entitlements;
				DEVELOPMENT_TEAM = 69C4K6EG3B;
				INFOPLIST_FILE = Chat/Info.plist;
				IPHONEOS_DEPLOYMENT_TARGET = 10.0;
				LD_RUNPATH_SEARCH_PATHS = "$(inherited) @executable_path/Frameworks";
				PRODUCT_BUNDLE_IDENTIFIER = george.Chat;
				PRODUCT_NAME = "$(TARGET_NAME)";
				SWIFT_VERSION = 3.0;
			};
			name = Debug;
		};
		5EA40C681DC3DFDC0034D03A /* Release */ = {
			isa = XCBuildConfiguration;
			baseConfigurationReference = 5DD12BBDADE017340AE00D1E /* Pods-Chat.release.xcconfig */;
			buildSettings = {
				ASSETCATALOG_COMPILER_APPICON_NAME = AppIcon;
				CODE_SIGN_ENTITLEMENTS = Chat/Chat.entitlements;
				DEVELOPMENT_TEAM = 69C4K6EG3B;
				INFOPLIST_FILE = Chat/Info.plist;
				IPHONEOS_DEPLOYMENT_TARGET = 10.0;
				LD_RUNPATH_SEARCH_PATHS = "$(inherited) @executable_path/Frameworks";
				PRODUCT_BUNDLE_IDENTIFIER = george.Chat;
				PRODUCT_NAME = "$(TARGET_NAME)";
				SWIFT_VERSION = 3.0;
			};
			name = Release;
		};
/* End XCBuildConfiguration section */

/* Begin XCConfigurationList section */
		5EA40C4F1DC3DFDC0034D03A /* Build configuration list for PBXProject "Chat" */ = {
			isa = XCConfigurationList;
			buildConfigurations = (
				5EA40C641DC3DFDC0034D03A /* Debug */,
				5EA40C651DC3DFDC0034D03A /* Release */,
			);
			defaultConfigurationIsVisible = 0;
			defaultConfigurationName = Release;
		};
		5EA40C661DC3DFDC0034D03A /* Build configuration list for PBXNativeTarget "Chat" */ = {
			isa = XCConfigurationList;
			buildConfigurations = (
				5EA40C671DC3DFDC0034D03A /* Debug */,
				5EA40C681DC3DFDC0034D03A /* Release */,
			);
			defaultConfigurationIsVisible = 0;
			defaultConfigurationName = Release;
		};
/* End XCConfigurationList section */
	};
	rootObject = 5EA40C4C1DC3DFDC0034D03A /* Project object */;
}
